// !$*UTF8*$!
{
	archiveVersion = 1;
	classes = {
	};
	objectVersion = 50;
	objects = {

/* Begin PBXBuildFile section */
		77F53F6423CB3E03000B2340 /* AppDelegate.swift in Sources */ = {isa = PBXBuildFile; fileRef = 77F53F6323CB3E03000B2340 /* AppDelegate.swift */; };
		77F53F6623CB3E03000B2340 /* SceneDelegate.swift in Sources */ = {isa = PBXBuildFile; fileRef = 77F53F6523CB3E03000B2340 /* SceneDelegate.swift */; };
		77F53F6D23CB3E06000B2340 /* Assets.xcassets in Resources */ = {isa = PBXBuildFile; fileRef = 77F53F6C23CB3E06000B2340 /* Assets.xcassets */; };
		77F53F7023CB3E06000B2340 /* LaunchScreen.storyboard in Resources */ = {isa = PBXBuildFile; fileRef = 77F53F6E23CB3E06000B2340 /* LaunchScreen.storyboard */; };
		77F53F7B23CB3FA3000B2340 /* OnboardingVC.swift in Sources */ = {isa = PBXBuildFile; fileRef = 77F53F7A23CB3FA3000B2340 /* OnboardingVC.swift */; };
		77F53F7F23CB4385000B2340 /* ZALogoView.swift in Sources */ = {isa = PBXBuildFile; fileRef = 77F53F7E23CB4385000B2340 /* ZALogoView.swift */; };
		77F53F8223CB472E000B2340 /* ZATextField.swift in Sources */ = {isa = PBXBuildFile; fileRef = 77F53F8123CB472E000B2340 /* ZATextField.swift */; };
		77F53F8523CB4AD4000B2340 /* ZAButton.swift in Sources */ = {isa = PBXBuildFile; fileRef = 77F53F8423CB4AD4000B2340 /* ZAButton.swift */; };
		77F53F8823CB5043000B2340 /* UIViewController+Ext.swift in Sources */ = {isa = PBXBuildFile; fileRef = 77F53F8723CB5043000B2340 /* UIViewController+Ext.swift */; };
		77F53F8E23CB58B0000B2340 /* Keys.swift in Sources */ = {isa = PBXBuildFile; fileRef = 77F53F8D23CB58B0000B2340 /* Keys.swift */; };
		77F53F9623CB5B7C000B2340 /* LocationService.swift in Sources */ = {isa = PBXBuildFile; fileRef = 77F53F9523CB5B7C000B2340 /* LocationService.swift */; };
		77F53F9A23CB5D53000B2340 /* ZALocationError.swift in Sources */ = {isa = PBXBuildFile; fileRef = 77F53F9923CB5D53000B2340 /* ZALocationError.swift */; };
		77F53FA123CB5FA4000B2340 /* TestVC.swift in Sources */ = {isa = PBXBuildFile; fileRef = 77F53FA023CB5FA4000B2340 /* TestVC.swift */; };
/* End PBXBuildFile section */

/* Begin PBXFileReference section */
		77F53F6023CB3E03000B2340 /* ZomatoApp.app */ = {isa = PBXFileReference; explicitFileType = wrapper.application; includeInIndex = 0; path = ZomatoApp.app; sourceTree = BUILT_PRODUCTS_DIR; };
		77F53F6323CB3E03000B2340 /* AppDelegate.swift */ = {isa = PBXFileReference; lastKnownFileType = sourcecode.swift; path = AppDelegate.swift; sourceTree = "<group>"; };
		77F53F6523CB3E03000B2340 /* SceneDelegate.swift */ = {isa = PBXFileReference; lastKnownFileType = sourcecode.swift; path = SceneDelegate.swift; sourceTree = "<group>"; };
		77F53F6C23CB3E06000B2340 /* Assets.xcassets */ = {isa = PBXFileReference; lastKnownFileType = folder.assetcatalog; path = Assets.xcassets; sourceTree = "<group>"; };
		77F53F6F23CB3E06000B2340 /* Base */ = {isa = PBXFileReference; lastKnownFileType = file.storyboard; name = Base; path = Base.lproj/LaunchScreen.storyboard; sourceTree = "<group>"; };
		77F53F7123CB3E06000B2340 /* Info.plist */ = {isa = PBXFileReference; lastKnownFileType = text.plist.xml; path = Info.plist; sourceTree = "<group>"; };
		77F53F7A23CB3FA3000B2340 /* OnboardingVC.swift */ = {isa = PBXFileReference; lastKnownFileType = sourcecode.swift; path = OnboardingVC.swift; sourceTree = "<group>"; };
		77F53F7E23CB4385000B2340 /* ZALogoView.swift */ = {isa = PBXFileReference; lastKnownFileType = sourcecode.swift; path = ZALogoView.swift; sourceTree = "<group>"; };
		77F53F8123CB472E000B2340 /* ZATextField.swift */ = {isa = PBXFileReference; lastKnownFileType = sourcecode.swift; path = ZATextField.swift; sourceTree = "<group>"; };
		77F53F8423CB4AD4000B2340 /* ZAButton.swift */ = {isa = PBXFileReference; lastKnownFileType = sourcecode.swift; path = ZAButton.swift; sourceTree = "<group>"; };
		77F53F8723CB5043000B2340 /* UIViewController+Ext.swift */ = {isa = PBXFileReference; lastKnownFileType = sourcecode.swift; path = "UIViewController+Ext.swift"; sourceTree = "<group>"; };
		77F53F8D23CB58B0000B2340 /* Keys.swift */ = {isa = PBXFileReference; lastKnownFileType = sourcecode.swift; path = Keys.swift; sourceTree = "<group>"; };
		77F53F9523CB5B7C000B2340 /* LocationService.swift */ = {isa = PBXFileReference; lastKnownFileType = sourcecode.swift; path = LocationService.swift; sourceTree = "<group>"; };
		77F53F9923CB5D53000B2340 /* ZALocationError.swift */ = {isa = PBXFileReference; lastKnownFileType = sourcecode.swift; path = ZALocationError.swift; sourceTree = "<group>"; };
		77F53FA023CB5FA4000B2340 /* TestVC.swift */ = {isa = PBXFileReference; lastKnownFileType = sourcecode.swift; path = TestVC.swift; sourceTree = "<group>"; };
/* End PBXFileReference section */

/* Begin PBXFrameworksBuildPhase section */
		77F53F5D23CB3E03000B2340 /* Frameworks */ = {
			isa = PBXFrameworksBuildPhase;
			buildActionMask = 2147483647;
			files = (
			);
			runOnlyForDeploymentPostprocessing = 0;
		};
/* End PBXFrameworksBuildPhase section */

/* Begin PBXGroup section */
		77F53F5723CB3E03000B2340 = {
			isa = PBXGroup;
			children = (
				77F53F6223CB3E03000B2340 /* ZomatoApp */,
				77F53F6123CB3E03000B2340 /* Products */,
			);
			sourceTree = "<group>";
		};
		77F53F6123CB3E03000B2340 /* Products */ = {
			isa = PBXGroup;
			children = (
				77F53F6023CB3E03000B2340 /* ZomatoApp.app */,
			);
			name = Products;
			sourceTree = "<group>";
		};
		77F53F6223CB3E03000B2340 /* ZomatoApp */ = {
			isa = PBXGroup;
			children = (
				77F53F8C23CB58A6000B2340 /* Utilities */,
				77F53F9423CB5B73000B2340 /* Services */,
				77F53F8623CB5032000B2340 /* Extensions */,
				77F53F7C23CB435F000B2340 /* Custom Views */,
				77F53F7923CB3F8B000B2340 /* Screens */,
				77F53F7823CB3F3E000B2340 /* Resources */,
				77F53F7723CB3F2D000B2340 /* Support */,
			);
			path = ZomatoApp;
			sourceTree = "<group>";
		};
		77F53F7723CB3F2D000B2340 /* Support */ = {
			isa = PBXGroup;
			children = (
				77F53F7123CB3E06000B2340 /* Info.plist */,
				77F53F6323CB3E03000B2340 /* AppDelegate.swift */,
				77F53F6523CB3E03000B2340 /* SceneDelegate.swift */,
			);
			path = Support;
			sourceTree = "<group>";
		};
		77F53F7823CB3F3E000B2340 /* Resources */ = {
			isa = PBXGroup;
			children = (
				77F53F6C23CB3E06000B2340 /* Assets.xcassets */,
				77F53F6E23CB3E06000B2340 /* LaunchScreen.storyboard */,
			);
			path = Resources;
			sourceTree = "<group>";
		};
		77F53F7923CB3F8B000B2340 /* Screens */ = {
			isa = PBXGroup;
			children = (
				77F53F7A23CB3FA3000B2340 /* OnboardingVC.swift */,
				77F53FA023CB5FA4000B2340 /* TestVC.swift */,
			);
			path = Screens;
			sourceTree = "<group>";
		};
		77F53F7C23CB435F000B2340 /* Custom Views */ = {
			isa = PBXGroup;
			children = (
				77F53F8323CB4ABF000B2340 /* Buttons */,
				77F53F8023CB4708000B2340 /* TextFields */,
				77F53F7D23CB4369000B2340 /* Images */,
			);
			path = "Custom Views";
			sourceTree = "<group>";
		};
		77F53F7D23CB4369000B2340 /* Images */ = {
			isa = PBXGroup;
			children = (
				77F53F7E23CB4385000B2340 /* ZALogoView.swift */,
			);
			path = Images;
			sourceTree = "<group>";
		};
		77F53F8023CB4708000B2340 /* TextFields */ = {
			isa = PBXGroup;
			children = (
				77F53F8123CB472E000B2340 /* ZATextField.swift */,
			);
			path = TextFields;
			sourceTree = "<group>";
		};
		77F53F8323CB4ABF000B2340 /* Buttons */ = {
			isa = PBXGroup;
			children = (
				77F53F8423CB4AD4000B2340 /* ZAButton.swift */,
			);
			path = Buttons;
			sourceTree = "<group>";
		};
		77F53F8623CB5032000B2340 /* Extensions */ = {
			isa = PBXGroup;
			children = (
				77F53F8723CB5043000B2340 /* UIViewController+Ext.swift */,
			);
			path = Extensions;
			sourceTree = "<group>";
		};
		77F53F8C23CB58A6000B2340 /* Utilities */ = {
			isa = PBXGroup;
			children = (
				77F53F9823CB5D48000B2340 /* Errors */,
				77F53F8D23CB58B0000B2340 /* Keys.swift */,
			);
			path = Utilities;
			sourceTree = "<group>";
		};
		77F53F9423CB5B73000B2340 /* Services */ = {
			isa = PBXGroup;
			children = (
				77F53F9523CB5B7C000B2340 /* LocationService.swift */,
			);
			path = Services;
			sourceTree = "<group>";
		};
		77F53F9823CB5D48000B2340 /* Errors */ = {
			isa = PBXGroup;
			children = (
				77F53F9923CB5D53000B2340 /* ZALocationError.swift */,
			);
			path = Errors;
			sourceTree = "<group>";
		};
/* End PBXGroup section */

/* Begin PBXNativeTarget section */
		77F53F5F23CB3E03000B2340 /* ZomatoApp */ = {
			isa = PBXNativeTarget;
			buildConfigurationList = 77F53F7423CB3E06000B2340 /* Build configuration list for PBXNativeTarget "ZomatoApp" */;
			buildPhases = (
				77F53F5C23CB3E03000B2340 /* Sources */,
				77F53F5D23CB3E03000B2340 /* Frameworks */,
				77F53F5E23CB3E03000B2340 /* Resources */,
			);
			buildRules = (
			);
			dependencies = (
			);
			name = ZomatoApp;
			productName = ZomatoApp;
			productReference = 77F53F6023CB3E03000B2340 /* ZomatoApp.app */;
			productType = "com.apple.product-type.application";
		};
/* End PBXNativeTarget section */

/* Begin PBXProject section */
		77F53F5823CB3E03000B2340 /* Project object */ = {
			isa = PBXProject;
			attributes = {
				LastSwiftUpdateCheck = 1130;
				LastUpgradeCheck = 1130;
				ORGANIZATIONNAME = "German Hernandez";
				TargetAttributes = {
					77F53F5F23CB3E03000B2340 = {
						CreatedOnToolsVersion = 11.3;
					};
				};
			};
			buildConfigurationList = 77F53F5B23CB3E03000B2340 /* Build configuration list for PBXProject "ZomatoApp" */;
			compatibilityVersion = "Xcode 9.3";
			developmentRegion = en;
			hasScannedForEncodings = 0;
			knownRegions = (
				en,
				Base,
			);
			mainGroup = 77F53F5723CB3E03000B2340;
			productRefGroup = 77F53F6123CB3E03000B2340 /* Products */;
			projectDirPath = "";
			projectRoot = "";
			targets = (
				77F53F5F23CB3E03000B2340 /* ZomatoApp */,
			);
		};
/* End PBXProject section */

/* Begin PBXResourcesBuildPhase section */
		77F53F5E23CB3E03000B2340 /* Resources */ = {
			isa = PBXResourcesBuildPhase;
			buildActionMask = 2147483647;
			files = (
				77F53F7023CB3E06000B2340 /* LaunchScreen.storyboard in Resources */,
				77F53F6D23CB3E06000B2340 /* Assets.xcassets in Resources */,
			);
			runOnlyForDeploymentPostprocessing = 0;
		};
/* End PBXResourcesBuildPhase section */

/* Begin PBXSourcesBuildPhase section */
		77F53F5C23CB3E03000B2340 /* Sources */ = {
			isa = PBXSourcesBuildPhase;
			buildActionMask = 2147483647;
			files = (
				77F53F6423CB3E03000B2340 /* AppDelegate.swift in Sources */,
				77F53F8E23CB58B0000B2340 /* Keys.swift in Sources */,
				77F53F8223CB472E000B2340 /* ZATextField.swift in Sources */,
				77F53F8823CB5043000B2340 /* UIViewController+Ext.swift in Sources */,
				77F53F8523CB4AD4000B2340 /* ZAButton.swift in Sources */,
				77F53F7B23CB3FA3000B2340 /* OnboardingVC.swift in Sources */,
				77F53F9A23CB5D53000B2340 /* ZALocationError.swift in Sources */,
				77F53F7F23CB4385000B2340 /* ZALogoView.swift in Sources */,
				77F53F9623CB5B7C000B2340 /* LocationService.swift in Sources */,
				77F53FA123CB5FA4000B2340 /* TestVC.swift in Sources */,
				77F53F6623CB3E03000B2340 /* SceneDelegate.swift in Sources */,
			);
			runOnlyForDeploymentPostprocessing = 0;
		};
/* End PBXSourcesBuildPhase section */

/* Begin PBXVariantGroup section */
		77F53F6E23CB3E06000B2340 /* LaunchScreen.storyboard */ = {
			isa = PBXVariantGroup;
			children = (
				77F53F6F23CB3E06000B2340 /* Base */,
			);
			name = LaunchScreen.storyboard;
			sourceTree = "<group>";
		};
/* End PBXVariantGroup section */

/* Begin XCBuildConfiguration section */
		77F53F7223CB3E06000B2340 /* Debug */ = {
			isa = XCBuildConfiguration;
			buildSettings = {
				ALWAYS_SEARCH_USER_PATHS = NO;
				CLANG_ANALYZER_NONNULL = YES;
				CLANG_ANALYZER_NUMBER_OBJECT_CONVERSION = YES_AGGRESSIVE;
				CLANG_CXX_LANGUAGE_STANDARD = "gnu++14";
				CLANG_CXX_LIBRARY = "libc++";
				CLANG_ENABLE_MODULES = YES;
				CLANG_ENABLE_OBJC_ARC = YES;
				CLANG_ENABLE_OBJC_WEAK = YES;
				CLANG_WARN_BLOCK_CAPTURE_AUTORELEASING = YES;
				CLANG_WARN_BOOL_CONVERSION = YES;
				CLANG_WARN_COMMA = YES;
				CLANG_WARN_CONSTANT_CONVERSION = YES;
				CLANG_WARN_DEPRECATED_OBJC_IMPLEMENTATIONS = YES;
				CLANG_WARN_DIRECT_OBJC_ISA_USAGE = YES_ERROR;
				CLANG_WARN_DOCUMENTATION_COMMENTS = YES;
				CLANG_WARN_EMPTY_BODY = YES;
				CLANG_WARN_ENUM_CONVERSION = YES;
				CLANG_WARN_INFINITE_RECURSION = YES;
				CLANG_WARN_INT_CONVERSION = YES;
				CLANG_WARN_NON_LITERAL_NULL_CONVERSION = YES;
				CLANG_WARN_OBJC_IMPLICIT_RETAIN_SELF = YES;
				CLANG_WARN_OBJC_LITERAL_CONVERSION = YES;
				CLANG_WARN_OBJC_ROOT_CLASS = YES_ERROR;
				CLANG_WARN_RANGE_LOOP_ANALYSIS = YES;
				CLANG_WARN_STRICT_PROTOTYPES = YES;
				CLANG_WARN_SUSPICIOUS_MOVE = YES;
				CLANG_WARN_UNGUARDED_AVAILABILITY = YES_AGGRESSIVE;
				CLANG_WARN_UNREACHABLE_CODE = YES;
				CLANG_WARN__DUPLICATE_METHOD_MATCH = YES;
				COPY_PHASE_STRIP = NO;
				DEBUG_INFORMATION_FORMAT = dwarf;
				ENABLE_STRICT_OBJC_MSGSEND = YES;
				ENABLE_TESTABILITY = YES;
				GCC_C_LANGUAGE_STANDARD = gnu11;
				GCC_DYNAMIC_NO_PIC = NO;
				GCC_NO_COMMON_BLOCKS = YES;
				GCC_OPTIMIZATION_LEVEL = 0;
				GCC_PREPROCESSOR_DEFINITIONS = (
					"DEBUG=1",
					"$(inherited)",
				);
				GCC_WARN_64_TO_32_BIT_CONVERSION = YES;
				GCC_WARN_ABOUT_RETURN_TYPE = YES_ERROR;
				GCC_WARN_UNDECLARED_SELECTOR = YES;
				GCC_WARN_UNINITIALIZED_AUTOS = YES_AGGRESSIVE;
				GCC_WARN_UNUSED_FUNCTION = YES;
				GCC_WARN_UNUSED_VARIABLE = YES;
				IPHONEOS_DEPLOYMENT_TARGET = 13.2;
				MTL_ENABLE_DEBUG_INFO = INCLUDE_SOURCE;
				MTL_FAST_MATH = YES;
				ONLY_ACTIVE_ARCH = YES;
				SDKROOT = iphoneos;
				SWIFT_ACTIVE_COMPILATION_CONDITIONS = DEBUG;
				SWIFT_OPTIMIZATION_LEVEL = "-Onone";
			};
			name = Debug;
		};
		77F53F7323CB3E06000B2340 /* Release */ = {
			isa = XCBuildConfiguration;
			buildSettings = {
				ALWAYS_SEARCH_USER_PATHS = NO;
				CLANG_ANALYZER_NONNULL = YES;
				CLANG_ANALYZER_NUMBER_OBJECT_CONVERSION = YES_AGGRESSIVE;
				CLANG_CXX_LANGUAGE_STANDARD = "gnu++14";
				CLANG_CXX_LIBRARY = "libc++";
				CLANG_ENABLE_MODULES = YES;
				CLANG_ENABLE_OBJC_ARC = YES;
				CLANG_ENABLE_OBJC_WEAK = YES;
				CLANG_WARN_BLOCK_CAPTURE_AUTORELEASING = YES;
				CLANG_WARN_BOOL_CONVERSION = YES;
				CLANG_WARN_COMMA = YES;
				CLANG_WARN_CONSTANT_CONVERSION = YES;
				CLANG_WARN_DEPRECATED_OBJC_IMPLEMENTATIONS = YES;
				CLANG_WARN_DIRECT_OBJC_ISA_USAGE = YES_ERROR;
				CLANG_WARN_DOCUMENTATION_COMMENTS = YES;
				CLANG_WARN_EMPTY_BODY = YES;
				CLANG_WARN_ENUM_CONVERSION = YES;
				CLANG_WARN_INFINITE_RECURSION = YES;
				CLANG_WARN_INT_CONVERSION = YES;
				CLANG_WARN_NON_LITERAL_NULL_CONVERSION = YES;
				CLANG_WARN_OBJC_IMPLICIT_RETAIN_SELF = YES;
				CLANG_WARN_OBJC_LITERAL_CONVERSION = YES;
				CLANG_WARN_OBJC_ROOT_CLASS = YES_ERROR;
				CLANG_WARN_RANGE_LOOP_ANALYSIS = YES;
				CLANG_WARN_STRICT_PROTOTYPES = YES;
				CLANG_WARN_SUSPICIOUS_MOVE = YES;
				CLANG_WARN_UNGUARDED_AVAILABILITY = YES_AGGRESSIVE;
				CLANG_WARN_UNREACHABLE_CODE = YES;
				CLANG_WARN__DUPLICATE_METHOD_MATCH = YES;
				COPY_PHASE_STRIP = NO;
				DEBUG_INFORMATION_FORMAT = "dwarf-with-dsym";
				ENABLE_NS_ASSERTIONS = NO;
				ENABLE_STRICT_OBJC_MSGSEND = YES;
				GCC_C_LANGUAGE_STANDARD = gnu11;
				GCC_NO_COMMON_BLOCKS = YES;
				GCC_WARN_64_TO_32_BIT_CONVERSION = YES;
				GCC_WARN_ABOUT_RETURN_TYPE = YES_ERROR;
				GCC_WARN_UNDECLARED_SELECTOR = YES;
				GCC_WARN_UNINITIALIZED_AUTOS = YES_AGGRESSIVE;
				GCC_WARN_UNUSED_FUNCTION = YES;
				GCC_WARN_UNUSED_VARIABLE = YES;
				IPHONEOS_DEPLOYMENT_TARGET = 13.2;
				MTL_ENABLE_DEBUG_INFO = NO;
				MTL_FAST_MATH = YES;
				SDKROOT = iphoneos;
				SWIFT_COMPILATION_MODE = wholemodule;
				SWIFT_OPTIMIZATION_LEVEL = "-O";
				VALIDATE_PRODUCT = YES;
			};
			name = Release;
		};
		77F53F7523CB3E06000B2340 /* Debug */ = {
			isa = XCBuildConfiguration;
			buildSettings = {
				ASSETCATALOG_COMPILER_APPICON_NAME = AppIcon;
				CODE_SIGN_IDENTITY = "Apple Development";
				CODE_SIGN_STYLE = Automatic;
				DEVELOPMENT_TEAM = HXU4QPBL2H;
				INFOPLIST_FILE = "$(SRCROOT)/ZomatoApp/Support/Info.plist";
				IPHONEOS_DEPLOYMENT_TARGET = 13.2;
				LD_RUNPATH_SEARCH_PATHS = (
					"$(inherited)",
					"@executable_path/Frameworks",
				);
				PRODUCT_BUNDLE_IDENTIFIER = com.german.ZomatoApp;
				PRODUCT_NAME = "$(TARGET_NAME)";
				PROVISIONING_PROFILE_SPECIFIER = "";
				SWIFT_VERSION = 5.0;
				TARGETED_DEVICE_FAMILY = 1;
			};
			name = Debug;
		};
		77F53F7623CB3E06000B2340 /* Release */ = {
			isa = XCBuildConfiguration;
			buildSettings = {
				ASSETCATALOG_COMPILER_APPICON_NAME = AppIcon;
				CODE_SIGN_IDENTITY = "Apple Development";
				CODE_SIGN_STYLE = Automatic;
				DEVELOPMENT_TEAM = HXU4QPBL2H;
				INFOPLIST_FILE = "$(SRCROOT)/ZomatoApp/Support/Info.plist";
				IPHONEOS_DEPLOYMENT_TARGET = 13.2;
				LD_RUNPATH_SEARCH_PATHS = (
					"$(inherited)",
					"@executable_path/Frameworks",
				);
				PRODUCT_BUNDLE_IDENTIFIER = com.german.ZomatoApp;
				PRODUCT_NAME = "$(TARGET_NAME)";
				PROVISIONING_PROFILE_SPECIFIER = "";
				SWIFT_VERSION = 5.0;
				TARGETED_DEVICE_FAMILY = 1;
			};
			name = Release;
		};
/* End XCBuildConfiguration section */

/* Begin XCConfigurationList section */
		77F53F5B23CB3E03000B2340 /* Build configuration list for PBXProject "ZomatoApp" */ = {
			isa = XCConfigurationList;
			buildConfigurations = (
				77F53F7223CB3E06000B2340 /* Debug */,
				77F53F7323CB3E06000B2340 /* Release */,
			);
			defaultConfigurationIsVisible = 0;
			defaultConfigurationName = Release;
		};
		77F53F7423CB3E06000B2340 /* Build configuration list for PBXNativeTarget "ZomatoApp" */ = {
			isa = XCConfigurationList;
			buildConfigurations = (
				77F53F7523CB3E06000B2340 /* Debug */,
				77F53F7623CB3E06000B2340 /* Release */,
			);
			defaultConfigurationIsVisible = 0;
			defaultConfigurationName = Release;
		};
/* End XCConfigurationList section */
	};
	rootObject = 77F53F5823CB3E03000B2340 /* Project object */;
}
